// !$*UTF8*$!
{
	archiveVersion = 1;
	classes = {
	};
	objectVersion = 50;
	objects = {

/* Begin PBXBuildFile section */
		1000C3C52432B07D0003EF64 /* AppDelegate.swift in Sources */ = {isa = PBXBuildFile; fileRef = 1000C3C42432B07D0003EF64 /* AppDelegate.swift */; };
		1000C3C72432B07D0003EF64 /* SceneDelegate.swift in Sources */ = {isa = PBXBuildFile; fileRef = 1000C3C62432B07D0003EF64 /* SceneDelegate.swift */; };
		1000C3C92432B07D0003EF64 /* EnterPlayerTagViewController.swift in Sources */ = {isa = PBXBuildFile; fileRef = 1000C3C82432B07D0003EF64 /* EnterPlayerTagViewController.swift */; };
		1000C3CC2432B07D0003EF64 /* Main.storyboard in Resources */ = {isa = PBXBuildFile; fileRef = 1000C3CA2432B07D0003EF64 /* Main.storyboard */; };
		1000C3CE2432B07D0003EF64 /* Assets.xcassets in Resources */ = {isa = PBXBuildFile; fileRef = 1000C3CD2432B07D0003EF64 /* Assets.xcassets */; };
		1000C3D12432B07D0003EF64 /* LaunchScreen.storyboard in Resources */ = {isa = PBXBuildFile; fileRef = 1000C3CF2432B07D0003EF64 /* LaunchScreen.storyboard */; };
		1000C3DC2432B07D0003EF64 /* BrawlStatsTests.swift in Sources */ = {isa = PBXBuildFile; fileRef = 1000C3DB2432B07D0003EF64 /* BrawlStatsTests.swift */; };
		1000C3E72432B07D0003EF64 /* BrawlStatsUITests.swift in Sources */ = {isa = PBXBuildFile; fileRef = 1000C3E62432B07D0003EF64 /* BrawlStatsUITests.swift */; };
		10684448243BEE98004B721A /* PersonalStatViewController.swift in Sources */ = {isa = PBXBuildFile; fileRef = 10684447243BEE98004B721A /* PersonalStatViewController.swift */; };
		1081AA4E24451FFC0021AC4E /* RankingsViewController.swift in Sources */ = {isa = PBXBuildFile; fileRef = 1081AA4D24451FFC0021AC4E /* RankingsViewController.swift */; };
		97976F652438D53000A36A4B /* Player.swift in Sources */ = {isa = PBXBuildFile; fileRef = 97976F642438D53000A36A4B /* Player.swift */; };
		97976F672438D53D00A36A4B /* Brawler.swift in Sources */ = {isa = PBXBuildFile; fileRef = 97976F662438D53D00A36A4B /* Brawler.swift */; };
/* End PBXBuildFile section */

/* Begin PBXContainerItemProxy section */
		1000C3D82432B07D0003EF64 /* PBXContainerItemProxy */ = {
			isa = PBXContainerItemProxy;
			containerPortal = 1000C3B92432B07D0003EF64 /* Project object */;
			proxyType = 1;
			remoteGlobalIDString = 1000C3C02432B07D0003EF64;
			remoteInfo = BrawlStats;
		};
		1000C3E32432B07D0003EF64 /* PBXContainerItemProxy */ = {
			isa = PBXContainerItemProxy;
			containerPortal = 1000C3B92432B07D0003EF64 /* Project object */;
			proxyType = 1;
			remoteGlobalIDString = 1000C3C02432B07D0003EF64;
			remoteInfo = BrawlStats;
		};
/* End PBXContainerItemProxy section */

/* Begin PBXFileReference section */
		1000C3C12432B07D0003EF64 /* BrawlStats.app */ = {isa = PBXFileReference; explicitFileType = wrapper.application; includeInIndex = 0; path = BrawlStats.app; sourceTree = BUILT_PRODUCTS_DIR; };
		1000C3C42432B07D0003EF64 /* AppDelegate.swift */ = {isa = PBXFileReference; lastKnownFileType = sourcecode.swift; path = AppDelegate.swift; sourceTree = "<group>"; };
		1000C3C62432B07D0003EF64 /* SceneDelegate.swift */ = {isa = PBXFileReference; lastKnownFileType = sourcecode.swift; path = SceneDelegate.swift; sourceTree = "<group>"; };
		1000C3C82432B07D0003EF64 /* EnterPlayerTagViewController.swift */ = {isa = PBXFileReference; lastKnownFileType = sourcecode.swift; path = EnterPlayerTagViewController.swift; sourceTree = "<group>"; };
		1000C3CB2432B07D0003EF64 /* Base */ = {isa = PBXFileReference; lastKnownFileType = file.storyboard; name = Base; path = Base.lproj/Main.storyboard; sourceTree = "<group>"; };
		1000C3CD2432B07D0003EF64 /* Assets.xcassets */ = {isa = PBXFileReference; lastKnownFileType = folder.assetcatalog; path = Assets.xcassets; sourceTree = "<group>"; };
		1000C3D02432B07D0003EF64 /* Base */ = {isa = PBXFileReference; lastKnownFileType = file.storyboard; name = Base; path = Base.lproj/LaunchScreen.storyboard; sourceTree = "<group>"; };
		1000C3D22432B07D0003EF64 /* Info.plist */ = {isa = PBXFileReference; lastKnownFileType = text.plist.xml; path = Info.plist; sourceTree = "<group>"; };
		1000C3D72432B07D0003EF64 /* BrawlStatsTests.xctest */ = {isa = PBXFileReference; explicitFileType = wrapper.cfbundle; includeInIndex = 0; path = BrawlStatsTests.xctest; sourceTree = BUILT_PRODUCTS_DIR; };
		1000C3DB2432B07D0003EF64 /* BrawlStatsTests.swift */ = {isa = PBXFileReference; lastKnownFileType = sourcecode.swift; path = BrawlStatsTests.swift; sourceTree = "<group>"; };
		1000C3DD2432B07D0003EF64 /* Info.plist */ = {isa = PBXFileReference; lastKnownFileType = text.plist.xml; path = Info.plist; sourceTree = "<group>"; };
		1000C3E22432B07D0003EF64 /* BrawlStatsUITests.xctest */ = {isa = PBXFileReference; explicitFileType = wrapper.cfbundle; includeInIndex = 0; path = BrawlStatsUITests.xctest; sourceTree = BUILT_PRODUCTS_DIR; };
		1000C3E62432B07D0003EF64 /* BrawlStatsUITests.swift */ = {isa = PBXFileReference; lastKnownFileType = sourcecode.swift; path = BrawlStatsUITests.swift; sourceTree = "<group>"; };
		1000C3E82432B07D0003EF64 /* Info.plist */ = {isa = PBXFileReference; lastKnownFileType = text.plist.xml; path = Info.plist; sourceTree = "<group>"; };
		10684447243BEE98004B721A /* PersonalStatViewController.swift */ = {isa = PBXFileReference; lastKnownFileType = sourcecode.swift; path = PersonalStatViewController.swift; sourceTree = "<group>"; };
		1081AA4D24451FFC0021AC4E /* RankingsViewController.swift */ = {isa = PBXFileReference; lastKnownFileType = sourcecode.swift; path = RankingsViewController.swift; sourceTree = "<group>"; };
		97976F642438D53000A36A4B /* Player.swift */ = {isa = PBXFileReference; lastKnownFileType = sourcecode.swift; path = Player.swift; sourceTree = "<group>"; };
		97976F662438D53D00A36A4B /* Brawler.swift */ = {isa = PBXFileReference; lastKnownFileType = sourcecode.swift; path = Brawler.swift; sourceTree = "<group>"; };
/* End PBXFileReference section */

/* Begin PBXFrameworksBuildPhase section */
		1000C3BE2432B07D0003EF64 /* Frameworks */ = {
			isa = PBXFrameworksBuildPhase;
			buildActionMask = 2147483647;
			files = (
			);
			runOnlyForDeploymentPostprocessing = 0;
		};
		1000C3D42432B07D0003EF64 /* Frameworks */ = {
			isa = PBXFrameworksBuildPhase;
			buildActionMask = 2147483647;
			files = (
			);
			runOnlyForDeploymentPostprocessing = 0;
		};
		1000C3DF2432B07D0003EF64 /* Frameworks */ = {
			isa = PBXFrameworksBuildPhase;
			buildActionMask = 2147483647;
			files = (
			);
			runOnlyForDeploymentPostprocessing = 0;
		};
/* End PBXFrameworksBuildPhase section */

/* Begin PBXGroup section */
		1000C3B82432B07D0003EF64 = {
			isa = PBXGroup;
			children = (
				1000C3C32432B07D0003EF64 /* BrawlStats */,
				1000C3DA2432B07D0003EF64 /* BrawlStatsTests */,
				1000C3E52432B07D0003EF64 /* BrawlStatsUITests */,
				1000C3C22432B07D0003EF64 /* Products */,
			);
			sourceTree = "<group>";
		};
		1000C3C22432B07D0003EF64 /* Products */ = {
			isa = PBXGroup;
			children = (
				1000C3C12432B07D0003EF64 /* BrawlStats.app */,
				1000C3D72432B07D0003EF64 /* BrawlStatsTests.xctest */,
				1000C3E22432B07D0003EF64 /* BrawlStatsUITests.xctest */,
			);
			name = Products;
			sourceTree = "<group>";
		};
		1000C3C32432B07D0003EF64 /* BrawlStats */ = {
			isa = PBXGroup;
			children = (
				1000C3C42432B07D0003EF64 /* AppDelegate.swift */,
				1000C3C62432B07D0003EF64 /* SceneDelegate.swift */,
				1000C3C82432B07D0003EF64 /* EnterPlayerTagViewController.swift */,
				97976F642438D53000A36A4B /* Player.swift */,
				97976F662438D53D00A36A4B /* Brawler.swift */,
				1000C3CA2432B07D0003EF64 /* Main.storyboard */,
				1081AA4D24451FFC0021AC4E /* RankingsViewController.swift */,
				1000C3CD2432B07D0003EF64 /* Assets.xcassets */,
				1000C3CF2432B07D0003EF64 /* LaunchScreen.storyboard */,
				1000C3D22432B07D0003EF64 /* Info.plist */,
				10684447243BEE98004B721A /* PersonalStatViewController.swift */,
			);
			path = BrawlStats;
			sourceTree = "<group>";
		};
		1000C3DA2432B07D0003EF64 /* BrawlStatsTests */ = {
			isa = PBXGroup;
			children = (
				1000C3DB2432B07D0003EF64 /* BrawlStatsTests.swift */,
				1000C3DD2432B07D0003EF64 /* Info.plist */,
			);
			path = BrawlStatsTests;
			sourceTree = "<group>";
		};
		1000C3E52432B07D0003EF64 /* BrawlStatsUITests */ = {
			isa = PBXGroup;
			children = (
				1000C3E62432B07D0003EF64 /* BrawlStatsUITests.swift */,
				1000C3E82432B07D0003EF64 /* Info.plist */,
			);
			path = BrawlStatsUITests;
			sourceTree = "<group>";
		};
/* End PBXGroup section */

/* Begin PBXNativeTarget section */
		1000C3C02432B07D0003EF64 /* BrawlStats */ = {
			isa = PBXNativeTarget;
			buildConfigurationList = 1000C3EB2432B07D0003EF64 /* Build configuration list for PBXNativeTarget "BrawlStats" */;
			buildPhases = (
				1000C3BD2432B07D0003EF64 /* Sources */,
				1000C3BE2432B07D0003EF64 /* Frameworks */,
				1000C3BF2432B07D0003EF64 /* Resources */,
			);
			buildRules = (
			);
			dependencies = (
			);
			name = BrawlStats;
			productName = BrawlStats;
			productReference = 1000C3C12432B07D0003EF64 /* BrawlStats.app */;
			productType = "com.apple.product-type.application";
		};
		1000C3D62432B07D0003EF64 /* BrawlStatsTests */ = {
			isa = PBXNativeTarget;
			buildConfigurationList = 1000C3EE2432B07D0003EF64 /* Build configuration list for PBXNativeTarget "BrawlStatsTests" */;
			buildPhases = (
				1000C3D32432B07D0003EF64 /* Sources */,
				1000C3D42432B07D0003EF64 /* Frameworks */,
				1000C3D52432B07D0003EF64 /* Resources */,
			);
			buildRules = (
			);
			dependencies = (
				1000C3D92432B07D0003EF64 /* PBXTargetDependency */,
			);
			name = BrawlStatsTests;
			productName = BrawlStatsTests;
			productReference = 1000C3D72432B07D0003EF64 /* BrawlStatsTests.xctest */;
			productType = "com.apple.product-type.bundle.unit-test";
		};
		1000C3E12432B07D0003EF64 /* BrawlStatsUITests */ = {
			isa = PBXNativeTarget;
			buildConfigurationList = 1000C3F12432B07D0003EF64 /* Build configuration list for PBXNativeTarget "BrawlStatsUITests" */;
			buildPhases = (
				1000C3DE2432B07D0003EF64 /* Sources */,
				1000C3DF2432B07D0003EF64 /* Frameworks */,
				1000C3E02432B07D0003EF64 /* Resources */,
			);
			buildRules = (
			);
			dependencies = (
				1000C3E42432B07D0003EF64 /* PBXTargetDependency */,
			);
			name = BrawlStatsUITests;
			productName = BrawlStatsUITests;
			productReference = 1000C3E22432B07D0003EF64 /* BrawlStatsUITests.xctest */;
			productType = "com.apple.product-type.bundle.ui-testing";
		};
/* End PBXNativeTarget section */

/* Begin PBXProject section */
		1000C3B92432B07D0003EF64 /* Project object */ = {
			isa = PBXProject;
			attributes = {
				LastSwiftUpdateCheck = 1130;
				LastUpgradeCheck = 1130;
				ORGANIZATIONNAME = "BrawlStats-Purdue";
				TargetAttributes = {
					1000C3C02432B07D0003EF64 = {
						CreatedOnToolsVersion = 11.3.1;
					};
					1000C3D62432B07D0003EF64 = {
						CreatedOnToolsVersion = 11.3.1;
						TestTargetID = 1000C3C02432B07D0003EF64;
					};
					1000C3E12432B07D0003EF64 = {
						CreatedOnToolsVersion = 11.3.1;
						TestTargetID = 1000C3C02432B07D0003EF64;
					};
				};
			};
			buildConfigurationList = 1000C3BC2432B07D0003EF64 /* Build configuration list for PBXProject "BrawlStats" */;
			compatibilityVersion = "Xcode 9.3";
			developmentRegion = en;
			hasScannedForEncodings = 0;
			knownRegions = (
				en,
				Base,
			);
			mainGroup = 1000C3B82432B07D0003EF64;
			productRefGroup = 1000C3C22432B07D0003EF64 /* Products */;
			projectDirPath = "";
			projectRoot = "";
			targets = (
				1000C3C02432B07D0003EF64 /* BrawlStats */,
				1000C3D62432B07D0003EF64 /* BrawlStatsTests */,
				1000C3E12432B07D0003EF64 /* BrawlStatsUITests */,
			);
		};
/* End PBXProject section */

/* Begin PBXResourcesBuildPhase section */
		1000C3BF2432B07D0003EF64 /* Resources */ = {
			isa = PBXResourcesBuildPhase;
			buildActionMask = 2147483647;
			files = (
				1000C3D12432B07D0003EF64 /* LaunchScreen.storyboard in Resources */,
				1000C3CE2432B07D0003EF64 /* Assets.xcassets in Resources */,
				1000C3CC2432B07D0003EF64 /* Main.storyboard in Resources */,
			);
			runOnlyForDeploymentPostprocessing = 0;
		};
		1000C3D52432B07D0003EF64 /* Resources */ = {
			isa = PBXResourcesBuildPhase;
			buildActionMask = 2147483647;
			files = (
			);
			runOnlyForDeploymentPostprocessing = 0;
		};
		1000C3E02432B07D0003EF64 /* Resources */ = {
			isa = PBXResourcesBuildPhase;
			buildActionMask = 2147483647;
			files = (
			);
			runOnlyForDeploymentPostprocessing = 0;
		};
/* End PBXResourcesBuildPhase section */

/* Begin PBXSourcesBuildPhase section */
		1000C3BD2432B07D0003EF64 /* Sources */ = {
			isa = PBXSourcesBuildPhase;
			buildActionMask = 2147483647;
			files = (
				10684448243BEE98004B721A /* PersonalStatViewController.swift in Sources */,
				97976F652438D53000A36A4B /* Player.swift in Sources */,
				1000C3C92432B07D0003EF64 /* EnterPlayerTagViewController.swift in Sources */,
				1000C3C52432B07D0003EF64 /* AppDelegate.swift in Sources */,
				97976F672438D53D00A36A4B /* Brawler.swift in Sources */,
				1081AA4E24451FFC0021AC4E /* RankingsViewController.swift in Sources */,
				1000C3C72432B07D0003EF64 /* SceneDelegate.swift in Sources */,
			);
			runOnlyForDeploymentPostprocessing = 0;
		};
		1000C3D32432B07D0003EF64 /* Sources */ = {
			isa = PBXSourcesBuildPhase;
			buildActionMask = 2147483647;
			files = (
				1000C3DC2432B07D0003EF64 /* BrawlStatsTests.swift in Sources */,
			);
			runOnlyForDeploymentPostprocessing = 0;
		};
		1000C3DE2432B07D0003EF64 /* Sources */ = {
			isa = PBXSourcesBuildPhase;
			buildActionMask = 2147483647;
			files = (
				1000C3E72432B07D0003EF64 /* BrawlStatsUITests.swift in Sources */,
			);
			runOnlyForDeploymentPostprocessing = 0;
		};
/* End PBXSourcesBuildPhase section */

/* Begin PBXTargetDependency section */
		1000C3D92432B07D0003EF64 /* PBXTargetDependency */ = {
			isa = PBXTargetDependency;
			target = 1000C3C02432B07D0003EF64 /* BrawlStats */;
			targetProxy = 1000C3D82432B07D0003EF64 /* PBXContainerItemProxy */;
		};
		1000C3E42432B07D0003EF64 /* PBXTargetDependency */ = {
			isa = PBXTargetDependency;
			target = 1000C3C02432B07D0003EF64 /* BrawlStats */;
			targetProxy = 1000C3E32432B07D0003EF64 /* PBXContainerItemProxy */;
		};
/* End PBXTargetDependency section */

/* Begin PBXVariantGroup section */
		1000C3CA2432B07D0003EF64 /* Main.storyboard */ = {
			isa = PBXVariantGroup;
			children = (
				1000C3CB2432B07D0003EF64 /* Base */,
			);
			name = Main.storyboard;
			sourceTree = "<group>";
		};
		1000C3CF2432B07D0003EF64 /* LaunchScreen.storyboard */ = {
			isa = PBXVariantGroup;
			children = (
				1000C3D02432B07D0003EF64 /* Base */,
			);
			name = LaunchScreen.storyboard;
			sourceTree = "<group>";
		};
/* End PBXVariantGroup section */

/* Begin XCBuildConfiguration section */
		1000C3E92432B07D0003EF64 /* Debug */ = {
			isa = XCBuildConfiguration;
			buildSettings = {
				ALWAYS_SEARCH_USER_PATHS = NO;
				CLANG_ANALYZER_NONNULL = YES;
				CLANG_ANALYZER_NUMBER_OBJECT_CONVERSION = YES_AGGRESSIVE;
				CLANG_CXX_LANGUAGE_STANDARD = "gnu++14";
				CLANG_CXX_LIBRARY = "libc++";
				CLANG_ENABLE_MODULES = YES;
				CLANG_ENABLE_OBJC_ARC = YES;
				CLANG_ENABLE_OBJC_WEAK = YES;
				CLANG_WARN_BLOCK_CAPTURE_AUTORELEASING = YES;
				CLANG_WARN_BOOL_CONVERSION = YES;
				CLANG_WARN_COMMA = YES;
				CLANG_WARN_CONSTANT_CONVERSION = YES;
				CLANG_WARN_DEPRECATED_OBJC_IMPLEMENTATIONS = YES;
				CLANG_WARN_DIRECT_OBJC_ISA_USAGE = YES_ERROR;
				CLANG_WARN_DOCUMENTATION_COMMENTS = YES;
				CLANG_WARN_EMPTY_BODY = YES;
				CLANG_WARN_ENUM_CONVERSION = YES;
				CLANG_WARN_INFINITE_RECURSION = YES;
				CLANG_WARN_INT_CONVERSION = YES;
				CLANG_WARN_NON_LITERAL_NULL_CONVERSION = YES;
				CLANG_WARN_OBJC_IMPLICIT_RETAIN_SELF = YES;
				CLANG_WARN_OBJC_LITERAL_CONVERSION = YES;
				CLANG_WARN_OBJC_ROOT_CLASS = YES_ERROR;
				CLANG_WARN_RANGE_LOOP_ANALYSIS = YES;
				CLANG_WARN_STRICT_PROTOTYPES = YES;
				CLANG_WARN_SUSPICIOUS_MOVE = YES;
				CLANG_WARN_UNGUARDED_AVAILABILITY = YES_AGGRESSIVE;
				CLANG_WARN_UNREACHABLE_CODE = YES;
				CLANG_WARN__DUPLICATE_METHOD_MATCH = YES;
				COPY_PHASE_STRIP = NO;
				DEBUG_INFORMATION_FORMAT = dwarf;
				ENABLE_STRICT_OBJC_MSGSEND = YES;
				ENABLE_TESTABILITY = YES;
				GCC_C_LANGUAGE_STANDARD = gnu11;
				GCC_DYNAMIC_NO_PIC = NO;
				GCC_NO_COMMON_BLOCKS = YES;
				GCC_OPTIMIZATION_LEVEL = 0;
				GCC_PREPROCESSOR_DEFINITIONS = (
					"DEBUG=1",
					"$(inherited)",
				);
				GCC_WARN_64_TO_32_BIT_CONVERSION = YES;
				GCC_WARN_ABOUT_RETURN_TYPE = YES_ERROR;
				GCC_WARN_UNDECLARED_SELECTOR = YES;
				GCC_WARN_UNINITIALIZED_AUTOS = YES_AGGRESSIVE;
				GCC_WARN_UNUSED_FUNCTION = YES;
				GCC_WARN_UNUSED_VARIABLE = YES;
				IPHONEOS_DEPLOYMENT_TARGET = 13.2;
				MTL_ENABLE_DEBUG_INFO = INCLUDE_SOURCE;
				MTL_FAST_MATH = YES;
				ONLY_ACTIVE_ARCH = YES;
				SDKROOT = iphoneos;
				SWIFT_ACTIVE_COMPILATION_CONDITIONS = DEBUG;
				SWIFT_OPTIMIZATION_LEVEL = "-Onone";
			};
			name = Debug;
		};
		1000C3EA2432B07D0003EF64 /* Release */ = {
			isa = XCBuildConfiguration;
			buildSettings = {
				ALWAYS_SEARCH_USER_PATHS = NO;
				CLANG_ANALYZER_NONNULL = YES;
				CLANG_ANALYZER_NUMBER_OBJECT_CONVERSION = YES_AGGRESSIVE;
				CLANG_CXX_LANGUAGE_STANDARD = "gnu++14";
				CLANG_CXX_LIBRARY = "libc++";
				CLANG_ENABLE_MODULES = YES;
				CLANG_ENABLE_OBJC_ARC = YES;
				CLANG_ENABLE_OBJC_WEAK = YES;
				CLANG_WARN_BLOCK_CAPTURE_AUTORELEASING = YES;
				CLANG_WARN_BOOL_CONVERSION = YES;
				CLANG_WARN_COMMA = YES;
				CLANG_WARN_CONSTANT_CONVERSION = YES;
				CLANG_WARN_DEPRECATED_OBJC_IMPLEMENTATIONS = YES;
				CLANG_WARN_DIRECT_OBJC_ISA_USAGE = YES_ERROR;
				CLANG_WARN_DOCUMENTATION_COMMENTS = YES;
				CLANG_WARN_EMPTY_BODY = YES;
				CLANG_WARN_ENUM_CONVERSION = YES;
				CLANG_WARN_INFINITE_RECURSION = YES;
				CLANG_WARN_INT_CONVERSION = YES;
				CLANG_WARN_NON_LITERAL_NULL_CONVERSION = YES;
				CLANG_WARN_OBJC_IMPLICIT_RETAIN_SELF = YES;
				CLANG_WARN_OBJC_LITERAL_CONVERSION = YES;
				CLANG_WARN_OBJC_ROOT_CLASS = YES_ERROR;
				CLANG_WARN_RANGE_LOOP_ANALYSIS = YES;
				CLANG_WARN_STRICT_PROTOTYPES = YES;
				CLANG_WARN_SUSPICIOUS_MOVE = YES;
				CLANG_WARN_UNGUARDED_AVAILABILITY = YES_AGGRESSIVE;
				CLANG_WARN_UNREACHABLE_CODE = YES;
				CLANG_WARN__DUPLICATE_METHOD_MATCH = YES;
				COPY_PHASE_STRIP = NO;
				DEBUG_INFORMATION_FORMAT = "dwarf-with-dsym";
				ENABLE_NS_ASSERTIONS = NO;
				ENABLE_STRICT_OBJC_MSGSEND = YES;
				GCC_C_LANGUAGE_STANDARD = gnu11;
				GCC_NO_COMMON_BLOCKS = YES;
				GCC_WARN_64_TO_32_BIT_CONVERSION = YES;
				GCC_WARN_ABOUT_RETURN_TYPE = YES_ERROR;
				GCC_WARN_UNDECLARED_SELECTOR = YES;
				GCC_WARN_UNINITIALIZED_AUTOS = YES_AGGRESSIVE;
				GCC_WARN_UNUSED_FUNCTION = YES;
				GCC_WARN_UNUSED_VARIABLE = YES;
				IPHONEOS_DEPLOYMENT_TARGET = 13.2;
				MTL_ENABLE_DEBUG_INFO = NO;
				MTL_FAST_MATH = YES;
				SDKROOT = iphoneos;
				SWIFT_COMPILATION_MODE = wholemodule;
				SWIFT_OPTIMIZATION_LEVEL = "-O";
				VALIDATE_PRODUCT = YES;
			};
			name = Release;
		};
		1000C3EC2432B07D0003EF64 /* Debug */ = {
			isa = XCBuildConfiguration;
			buildSettings = {
				ASSETCATALOG_COMPILER_APPICON_NAME = AppIcon;
				CODE_SIGN_STYLE = Automatic;
				INFOPLIST_FILE = BrawlStats/Info.plist;
				LD_RUNPATH_SEARCH_PATHS = (
					"$(inherited)",
					"@executable_path/Frameworks",
				);
				PRODUCT_BUNDLE_IDENTIFIER = "com.BrawlStats-Purdue.BrawlStats";
				PRODUCT_NAME = "$(TARGET_NAME)";
				SWIFT_VERSION = 5.0;
				TARGETED_DEVICE_FAMILY = "1,2";
			};
			name = Debug;
		};
		1000C3ED2432B07D0003EF64 /* Release */ = {
			isa = XCBuildConfiguration;
			buildSettings = {
				ASSETCATALOG_COMPILER_APPICON_NAME = AppIcon;
				CODE_SIGN_STYLE = Automatic;
				INFOPLIST_FILE = BrawlStats/Info.plist;
				LD_RUNPATH_SEARCH_PATHS = (
					"$(inherited)",
					"@executable_path/Frameworks",
				);
				PRODUCT_BUNDLE_IDENTIFIER = "com.BrawlStats-Purdue.BrawlStats";
				PRODUCT_NAME = "$(TARGET_NAME)";
				SWIFT_VERSION = 5.0;
				TARGETED_DEVICE_FAMILY = "1,2";
			};
			name = Release;
		};
		1000C3EF2432B07D0003EF64 /* Debug */ = {
			isa = XCBuildConfiguration;
			buildSettings = {
				ALWAYS_EMBED_SWIFT_STANDARD_LIBRARIES = YES;
				BUNDLE_LOADER = "$(TEST_HOST)";
				CODE_SIGN_STYLE = Automatic;
				INFOPLIST_FILE = BrawlStatsTests/Info.plist;
				IPHONEOS_DEPLOYMENT_TARGET = 13.2;
				LD_RUNPATH_SEARCH_PATHS = (
					"$(inherited)",
					"@executable_path/Frameworks",
					"@loader_path/Frameworks",
				);
				PRODUCT_BUNDLE_IDENTIFIER = "com.BrawlStats-Purdue.BrawlStatsTests";
				PRODUCT_NAME = "$(TARGET_NAME)";
				SWIFT_VERSION = 5.0;
				TARGETED_DEVICE_FAMILY = "1,2";
				TEST_HOST = "$(BUILT_PRODUCTS_DIR)/BrawlStats.app/BrawlStats";
			};
			name = Debug;
		};
		1000C3F02432B07D0003EF64 /* Release */ = {
			isa = XCBuildConfiguration;
			buildSettings = {
				ALWAYS_EMBED_SWIFT_STANDARD_LIBRARIES = YES;
				BUNDLE_LOADER = "$(TEST_HOST)";
				CODE_SIGN_STYLE = Automatic;
				INFOPLIST_FILE = BrawlStatsTests/Info.plist;
				IPHONEOS_DEPLOYMENT_TARGET = 13.2;
				LD_RUNPATH_SEARCH_PATHS = (
					"$(inherited)",
					"@executable_path/Frameworks",
					"@loader_path/Frameworks",
				);
				PRODUCT_BUNDLE_IDENTIFIER = "com.BrawlStats-Purdue.BrawlStatsTests";
				PRODUCT_NAME = "$(TARGET_NAME)";
				SWIFT_VERSION = 5.0;
				TARGETED_DEVICE_FAMILY = "1,2";
				TEST_HOST = "$(BUILT_PRODUCTS_DIR)/BrawlStats.app/BrawlStats";
			};
			name = Release;
		};
		1000C3F22432B07D0003EF64 /* Debug */ = {
			isa = XCBuildConfiguration;
			buildSettings = {
				ALWAYS_EMBED_SWIFT_STANDARD_LIBRARIES = YES;
				CODE_SIGN_STYLE = Automatic;
				INFOPLIST_FILE = BrawlStatsUITests/Info.plist;
				LD_RUNPATH_SEARCH_PATHS = (
					"$(inherited)",
					"@executable_path/Frameworks",
					"@loader_path/Frameworks",
				);
				PRODUCT_BUNDLE_IDENTIFIER = "com.BrawlStats-Purdue.BrawlStatsUITests";
				PRODUCT_NAME = "$(TARGET_NAME)";
				SWIFT_VERSION = 5.0;
				TARGETED_DEVICE_FAMILY = "1,2";
				TEST_TARGET_NAME = BrawlStats;
			};
			name = Debug;
		};
		1000C3F32432B07D0003EF64 /* Release */ = {
			isa = XCBuildConfiguration;
			buildSettings = {
				ALWAYS_EMBED_SWIFT_STANDARD_LIBRARIES = YES;
				CODE_SIGN_STYLE = Automatic;
				INFOPLIST_FILE = BrawlStatsUITests/Info.plist;
				LD_RUNPATH_SEARCH_PATHS = (
					"$(inherited)",
					"@executable_path/Frameworks",
					"@loader_path/Frameworks",
				);
				PRODUCT_BUNDLE_IDENTIFIER = "com.BrawlStats-Purdue.BrawlStatsUITests";
				PRODUCT_NAME = "$(TARGET_NAME)";
				SWIFT_VERSION = 5.0;
				TARGETED_DEVICE_FAMILY = "1,2";
				TEST_TARGET_NAME = BrawlStats;
			};
			name = Release;
		};
/* End XCBuildConfiguration section */

/* Begin XCConfigurationList section */
		1000C3BC2432B07D0003EF64 /* Build configuration list for PBXProject "BrawlStats" */ = {
			isa = XCConfigurationList;
			buildConfigurations = (
				1000C3E92432B07D0003EF64 /* Debug */,
				1000C3EA2432B07D0003EF64 /* Release */,
			);
			defaultConfigurationIsVisible = 0;
			defaultConfigurationName = Release;
		};
		1000C3EB2432B07D0003EF64 /* Build configuration list for PBXNativeTarget "BrawlStats" */ = {
			isa = XCConfigurationList;
			buildConfigurations = (
				1000C3EC2432B07D0003EF64 /* Debug */,
				1000C3ED2432B07D0003EF64 /* Release */,
			);
			defaultConfigurationIsVisible = 0;
			defaultConfigurationName = Release;
		};
		1000C3EE2432B07D0003EF64 /* Build configuration list for PBXNativeTarget "BrawlStatsTests" */ = {
			isa = XCConfigurationList;
			buildConfigurations = (
				1000C3EF2432B07D0003EF64 /* Debug */,
				1000C3F02432B07D0003EF64 /* Release */,
			);
			defaultConfigurationIsVisible = 0;
			defaultConfigurationName = Release;
		};
		1000C3F12432B07D0003EF64 /* Build configuration list for PBXNativeTarget "BrawlStatsUITests" */ = {
			isa = XCConfigurationList;
			buildConfigurations = (
				1000C3F22432B07D0003EF64 /* Debug */,
				1000C3F32432B07D0003EF64 /* Release */,
			);
			defaultConfigurationIsVisible = 0;
			defaultConfigurationName = Release;
		};
/* End XCConfigurationList section */
	};
	rootObject = 1000C3B92432B07D0003EF64 /* Project object */;
}
